
Microsoft Visual Studio Solution File, Format Version 12.00
# Visual Studio Version 17
VisualStudioVersion = 17.0.32126.317
MinimumVisualStudioVersion = 10.0.40219.1
Project("{9A19103F-16F7-4668-BE54-9A1E7A4F7556}") = "Parser", "Parser.csproj", "{ADDFB970-D07D-450D-A477-6ED24AAD2892}"
EndProject
Global
	GlobalSection(SolutionConfigurationPlatforms) = preSolution
		Debug|Any CPU = Debug|Any CPU
		Release|Any CPU = Release|Any CPU
	EndGlobalSection
	GlobalSection(ProjectConfigurationPlatforms) = postSolution
		{ADDFB970-D07D-450D-A477-6ED24AAD2892}.Debug|Any CPU.ActiveCfg = Debug|Any CPU
		{ADDFB970-D07D-450D-A477-6ED24AAD2892}.Debug|Any CPU.Build.0 = Debug|Any CPU
		{ADDFB970-D07D-450D-A477-6ED24AAD2892}.Release|Any CPU.ActiveCfg = Release|Any CPU
		{ADDFB970-D07D-450D-A477-6ED24AAD2892}.Release|Any CPU.Build.0 = Release|Any CPU
	EndGlobalSection
	GlobalSection(SolutionProperties) = preSolution
		HideSolutionNode = FALSE
	EndGlobalSection
	GlobalSection(ExtensibilityGlobals) = postSolution
		SolutionGuid = {20251762-71F0-41E6-B615-FBAC800C4950}
	EndGlobalSection
EndGlobal
